
Microsoft Visual Studio Solution File, Format Version 12.00
# Visual Studio Version 17
VisualStudioVersion = 17.1.32319.34
MinimumVisualStudioVersion = 10.0.40219.1
Project("{8BC9CEB8-8B4A-11D0-8D11-00A0C91BC942}") = "pgq-vector", "pgq-vector\pgq-vector.vcxproj", "{FBBD74AF-DCB2-4644-8393-60F4E2AF6788}"
EndProject
Global
	GlobalSection(SolutionConfigurationPlatforms) = preSolution
		Debug|x64 = Debug|x64
		Debug|x86 = Debug|x86
		Release|x64 = Release|x64
		Release|x86 = Release|x86
	EndGlobalSection
	GlobalSection(ProjectConfigurationPlatforms) = postSolution
		{FBBD74AF-DCB2-4644-8393-60F4E2AF6788}.Debug|x64.ActiveCfg = Debug|x64
		{FBBD74AF-DCB2-4644-8393-60F4E2AF6788}.Debug|x64.Build.0 = Debug|x64
		{FBBD74AF-DCB2-4644-8393-60F4E2AF6788}.Debug|x86.ActiveCfg = Debug|Win32
		{FBBD74AF-DCB2-4644-8393-60F4E2AF6788}.Debug|x86.Build.0 = Debug|Win32
		{FBBD74AF-DCB2-4644-8393-60F4E2AF6788}.Release|x64.ActiveCfg = Release|x64
		{FBBD74AF-DCB2-4644-8393-60F4E2AF6788}.Release|x64.Build.0 = Release|x64
		{FBBD74AF-DCB2-4644-8393-60F4E2AF6788}.Release|x86.ActiveCfg = Release|Win32
		{FBBD74AF-DCB2-4644-8393-60F4E2AF6788}.Release|x86.Build.0 = Release|Win32
	EndGlobalSection
	GlobalSection(SolutionProperties) = preSolution
		HideSolutionNode = FALSE
	EndGlobalSection
	GlobalSection(ExtensibilityGlobals) = postSolution
		SolutionGuid = {63441760-AAEA-4DD0-BFB3-E793C68A7CA9}
	EndGlobalSection
EndGlobal
